
Microsoft Visual Studio Solution File, Format Version 12.00
# Visual Studio 15
VisualStudioVersion = 15.0.28307.645
MinimumVisualStudioVersion = 10.0.40219.1
Project("{FAE04EC0-301F-11D3-BF4B-00C04F79EFBC}") = "GitConsoleApp", "GitConsoleApp\GitConsoleApp.csproj", "{02046D9A-A382-49EF-862D-A6A6F2FAC8F2}"
EndProject
Global
	GlobalSection(SolutionConfigurationPlatforms) = preSolution
		Debug|Any CPU = Debug|Any CPU
		Release|Any CPU = Release|Any CPU
	EndGlobalSection
	GlobalSection(ProjectConfigurationPlatforms) = postSolution
		{02046D9A-A382-49EF-862D-A6A6F2FAC8F2}.Debug|Any CPU.ActiveCfg = Debug|Any CPU
		{02046D9A-A382-49EF-862D-A6A6F2FAC8F2}.Debug|Any CPU.Build.0 = Debug|Any CPU
		{02046D9A-A382-49EF-862D-A6A6F2FAC8F2}.Release|Any CPU.ActiveCfg = Release|Any CPU
		{02046D9A-A382-49EF-862D-A6A6F2FAC8F2}.Release|Any CPU.Build.0 = Release|Any CPU
	EndGlobalSection
	GlobalSection(SolutionProperties) = preSolution
		HideSolutionNode = FALSE
	EndGlobalSection
	GlobalSection(ExtensibilityGlobals) = postSolution
		SolutionGuid = {F67BDA80-97F8-48B0-A8EB-C72F575AABE4}
	EndGlobalSection
EndGlobal
